// !$*UTF8*$!
{
	archiveVersion = 1;
	classes = {
	};
	objectVersion = 50;
	objects = {

/* Begin PBXBuildFile section */
		130F1D0D2285DAFD00DD4361 /* DecStr.cpp in Sources */ = {isa = PBXBuildFile; fileRef = 130F1D062285DAFC00DD4361 /* DecStr.cpp */; };
		130F1D0E2285DAFD00DD4361 /* IdentStr.cpp in Sources */ = {isa = PBXBuildFile; fileRef = 130F1D092285DAFD00DD4361 /* IdentStr.cpp */; };
		130F1D112285DBE300DD4361 /* Stroka.cpp in Sources */ = {isa = PBXBuildFile; fileRef = 130F1D102285DBE300DD4361 /* Stroka.cpp */; };
		13DD3A82228ECACC000F8F12 /* main.cpp in Sources */ = {isa = PBXBuildFile; fileRef = 130F1CFC2285DAAA00DD4361 /* main.cpp */; };
		13DD3A84228ECE51000F8F12 /* convert.asm in Sources */ = {isa = PBXBuildFile; fileRef = 13DD3A83228ECE51000F8F12 /* convert.asm */; };
/* End PBXBuildFile section */

/* Begin PBXCopyFilesBuildPhase section */
		130F1CF72285DAAA00DD4361 /* CopyFiles */ = {
			isa = PBXCopyFilesBuildPhase;
			buildActionMask = 2147483647;
			dstPath = /usr/share/man/man1/;
			dstSubfolderSpec = 0;
			files = (
			);
			runOnlyForDeploymentPostprocessing = 1;
		};
/* End PBXCopyFilesBuildPhase section */

/* Begin PBXFileReference section */
		130F1CF92285DAAA00DD4361 /* vpdlab */ = {isa = PBXFileReference; explicitFileType = "compiled.mach-o.executable"; includeInIndex = 0; path = vpdlab; sourceTree = BUILT_PRODUCTS_DIR; };
		130F1CFC2285DAAA00DD4361 /* main.cpp */ = {isa = PBXFileReference; lastKnownFileType = sourcecode.cpp.cpp; path = main.cpp; sourceTree = "<group>"; };
		130F1D042285DAFC00DD4361 /* README.md */ = {isa = PBXFileReference; fileEncoding = 4; lastKnownFileType = net.daringfireball.markdown; path = README.md; sourceTree = SOURCE_ROOT; };
		130F1D062285DAFC00DD4361 /* DecStr.cpp */ = {isa = PBXFileReference; fileEncoding = 4; lastKnownFileType = sourcecode.cpp.cpp; path = DecStr.cpp; sourceTree = SOURCE_ROOT; usesTabs = 0; };
		130F1D072285DAFC00DD4361 /* DecStr.hpp */ = {isa = PBXFileReference; fileEncoding = 4; lastKnownFileType = sourcecode.cpp.h; path = DecStr.hpp; sourceTree = SOURCE_ROOT; };
		130F1D082285DAFD00DD4361 /* Stroka.hpp */ = {isa = PBXFileReference; fileEncoding = 4; lastKnownFileType = sourcecode.cpp.h; path = Stroka.hpp; sourceTree = SOURCE_ROOT; };
		130F1D092285DAFD00DD4361 /* IdentStr.cpp */ = {isa = PBXFileReference; fileEncoding = 4; lastKnownFileType = sourcecode.cpp.cpp; path = IdentStr.cpp; sourceTree = SOURCE_ROOT; };
		130F1D0A2285DAFD00DD4361 /* IdentStr.hpp */ = {isa = PBXFileReference; fileEncoding = 4; lastKnownFileType = sourcecode.cpp.h; path = IdentStr.hpp; sourceTree = SOURCE_ROOT; };
		130F1D102285DBE300DD4361 /* Stroka.cpp */ = {isa = PBXFileReference; fileEncoding = 4; lastKnownFileType = sourcecode.cpp.cpp; path = Stroka.cpp; sourceTree = SOURCE_ROOT; };
		13DD3A83228ECE51000F8F12 /* convert.asm */ = {isa = PBXFileReference; explicitFileType = sourcecode.asm.llvm; fileEncoding = 10; path = convert.asm; sourceTree = "<group>"; };
/* End PBXFileReference section */

/* Begin PBXFrameworksBuildPhase section */
		130F1CF62285DAAA00DD4361 /* Frameworks */ = {
			isa = PBXFrameworksBuildPhase;
			buildActionMask = 2147483647;
			files = (
			);
			runOnlyForDeploymentPostprocessing = 0;
		};
/* End PBXFrameworksBuildPhase section */

/* Begin PBXGroup section */
		130F1CF02285DAAA00DD4361 = {
			isa = PBXGroup;
			children = (
				130F1CFB2285DAAA00DD4361 /* vpdlab */,
				130F1CFA2285DAAA00DD4361 /* Products */,
			);
			sourceTree = "<group>";
		};
		130F1CFA2285DAAA00DD4361 /* Products */ = {
			isa = PBXGroup;
			children = (
				130F1CF92285DAAA00DD4361 /* vpdlab */,
			);
			name = Products;
			sourceTree = "<group>";
		};
		130F1CFB2285DAAA00DD4361 /* vpdlab */ = {
			isa = PBXGroup;
			children = (
				130F1D102285DBE300DD4361 /* Stroka.cpp */,
				130F1D062285DAFC00DD4361 /* DecStr.cpp */,
				130F1D072285DAFC00DD4361 /* DecStr.hpp */,
				13DD3A83228ECE51000F8F12 /* convert.asm */,
				130F1D092285DAFD00DD4361 /* IdentStr.cpp */,
				130F1D0A2285DAFD00DD4361 /* IdentStr.hpp */,
				130F1D082285DAFD00DD4361 /* Stroka.hpp */,
				130F1D042285DAFC00DD4361 /* README.md */,
				130F1CFC2285DAAA00DD4361 /* main.cpp */,
			);
			path = vpdlab;
			sourceTree = "<group>";
		};
/* End PBXGroup section */

/* Begin PBXNativeTarget section */
		130F1CF82285DAAA00DD4361 /* vpdlab */ = {
			isa = PBXNativeTarget;
			buildConfigurationList = 130F1D002285DAAA00DD4361 /* Build configuration list for PBXNativeTarget "vpdlab" */;
			buildPhases = (
				130F1CF52285DAAA00DD4361 /* Sources */,
				130F1CF62285DAAA00DD4361 /* Frameworks */,
				130F1CF72285DAAA00DD4361 /* CopyFiles */,
			);
			buildRules = (
			);
			dependencies = (
			);
			name = vpdlab;
			productName = vpdlab;
			productReference = 130F1CF92285DAAA00DD4361 /* vpdlab */;
			productType = "com.apple.product-type.tool";
		};
/* End PBXNativeTarget section */

/* Begin PBXProject section */
		130F1CF12285DAAA00DD4361 /* Project object */ = {
			isa = PBXProject;
			attributes = {
				LastUpgradeCheck = 1020;
				ORGANIZATIONNAME = "RACA HAMA";
				TargetAttributes = {
					130F1CF82285DAAA00DD4361 = {
						CreatedOnToolsVersion = 10.2.1;
					};
				};
			};
			buildConfigurationList = 130F1CF42285DAAA00DD4361 /* Build configuration list for PBXProject "vpdlab" */;
			compatibilityVersion = "Xcode 9.3";
			developmentRegion = en;
			hasScannedForEncodings = 0;
			knownRegions = (
				en,
			);
			mainGroup = 130F1CF02285DAAA00DD4361;
			productRefGroup = 130F1CFA2285DAAA00DD4361 /* Products */;
			projectDirPath = "";
			projectRoot = "";
			targets = (
				130F1CF82285DAAA00DD4361 /* vpdlab */,
			);
		};
/* End PBXProject section */

/* Begin PBXSourcesBuildPhase section */
		130F1CF52285DAAA00DD4361 /* Sources */ = {
			isa = PBXSourcesBuildPhase;
			buildActionMask = 2147483647;
			files = (
				130F1D0D2285DAFD00DD4361 /* DecStr.cpp in Sources */,
				130F1D0E2285DAFD00DD4361 /* IdentStr.cpp in Sources */,
				13DD3A84228ECE51000F8F12 /* convert.asm in Sources */,
				13DD3A82228ECACC000F8F12 /* main.cpp in Sources */,
				130F1D112285DBE300DD4361 /* Stroka.cpp in Sources */,
			);
			runOnlyForDeploymentPostprocessing = 0;
		};
/* End PBXSourcesBuildPhase section */

/* Begin XCBuildConfiguration section */
		130F1CFE2285DAAA00DD4361 /* Debug */ = {
			isa = XCBuildConfiguration;
			buildSettings = {
				ALWAYS_SEARCH_USER_PATHS = NO;
				CLANG_ANALYZER_NONNULL = YES;
				CLANG_ANALYZER_NUMBER_OBJECT_CONVERSION = YES_AGGRESSIVE;
				CLANG_CXX_LANGUAGE_STANDARD = "gnu++14";
				CLANG_CXX_LIBRARY = "libc++";
				CLANG_ENABLE_MODULES = YES;
				CLANG_ENABLE_OBJC_ARC = YES;
				CLANG_ENABLE_OBJC_WEAK = YES;
				CLANG_WARN_BLOCK_CAPTURE_AUTORELEASING = YES;
				CLANG_WARN_BOOL_CONVERSION = YES;
				CLANG_WARN_COMMA = YES;
				CLANG_WARN_CONSTANT_CONVERSION = YES;
				CLANG_WARN_DEPRECATED_OBJC_IMPLEMENTATIONS = YES;
				CLANG_WARN_DIRECT_OBJC_ISA_USAGE = YES_ERROR;
				CLANG_WARN_DOCUMENTATION_COMMENTS = YES;
				CLANG_WARN_EMPTY_BODY = YES;
				CLANG_WARN_ENUM_CONVERSION = YES;
				CLANG_WARN_INFINITE_RECURSION = YES;
				CLANG_WARN_INT_CONVERSION = YES;
				CLANG_WARN_NON_LITERAL_NULL_CONVERSION = YES;
				CLANG_WARN_OBJC_IMPLICIT_RETAIN_SELF = YES;
				CLANG_WARN_OBJC_LITERAL_CONVERSION = YES;
				CLANG_WARN_OBJC_ROOT_CLASS = YES_ERROR;
				CLANG_WARN_RANGE_LOOP_ANALYSIS = YES;
				CLANG_WARN_STRICT_PROTOTYPES = YES;
				CLANG_WARN_SUSPICIOUS_MOVE = YES;
				CLANG_WARN_UNGUARDED_AVAILABILITY = YES_AGGRESSIVE;
				CLANG_WARN_UNREACHABLE_CODE = YES;
				CLANG_WARN__DUPLICATE_METHOD_MATCH = YES;
				CODE_SIGN_IDENTITY = "-";
				COPY_PHASE_STRIP = NO;
				DEBUG_INFORMATION_FORMAT = dwarf;
				ENABLE_STRICT_OBJC_MSGSEND = YES;
				ENABLE_TESTABILITY = YES;
				GCC_C_LANGUAGE_STANDARD = gnu11;
				GCC_DYNAMIC_NO_PIC = NO;
				GCC_NO_COMMON_BLOCKS = YES;
				GCC_OPTIMIZATION_LEVEL = 0;
				GCC_PREPROCESSOR_DEFINITIONS = (
					"DEBUG=1",
					"$(inherited)",
				);
				GCC_WARN_64_TO_32_BIT_CONVERSION = YES;
				GCC_WARN_ABOUT_RETURN_TYPE = YES_ERROR;
				GCC_WARN_UNDECLARED_SELECTOR = YES;
				GCC_WARN_UNINITIALIZED_AUTOS = YES_AGGRESSIVE;
				GCC_WARN_UNUSED_FUNCTION = YES;
				GCC_WARN_UNUSED_VARIABLE = YES;
				MACOSX_DEPLOYMENT_TARGET = 10.14;
				MTL_ENABLE_DEBUG_INFO = INCLUDE_SOURCE;
				MTL_FAST_MATH = YES;
				ONLY_ACTIVE_ARCH = YES;
				SDKROOT = macosx;
			};
			name = Debug;
		};
		130F1CFF2285DAAA00DD4361 /* Release */ = {
			isa = XCBuildConfiguration;
			buildSettings = {
				ALWAYS_SEARCH_USER_PATHS = NO;
				CLANG_ANALYZER_NONNULL = YES;
				CLANG_ANALYZER_NUMBER_OBJECT_CONVERSION = YES_AGGRESSIVE;
				CLANG_CXX_LANGUAGE_STANDARD = "gnu++14";
				CLANG_CXX_LIBRARY = "libc++";
				CLANG_ENABLE_MODULES = YES;
				CLANG_ENABLE_OBJC_ARC = YES;
				CLANG_ENABLE_OBJC_WEAK = YES;
				CLANG_WARN_BLOCK_CAPTURE_AUTORELEASING = YES;
				CLANG_WARN_BOOL_CONVERSION = YES;
				CLANG_WARN_COMMA = YES;
				CLANG_WARN_CONSTANT_CONVERSION = YES;
				CLANG_WARN_DEPRECATED_OBJC_IMPLEMENTATIONS = YES;
				CLANG_WARN_DIRECT_OBJC_ISA_USAGE = YES_ERROR;
				CLANG_WARN_DOCUMENTATION_COMMENTS = YES;
				CLANG_WARN_EMPTY_BODY = YES;
				CLANG_WARN_ENUM_CONVERSION = YES;
				CLANG_WARN_INFINITE_RECURSION = YES;
				CLANG_WARN_INT_CONVERSION = YES;
				CLANG_WARN_NON_LITERAL_NULL_CONVERSION = YES;
				CLANG_WARN_OBJC_IMPLICIT_RETAIN_SELF = YES;
				CLANG_WARN_OBJC_LITERAL_CONVERSION = YES;
				CLANG_WARN_OBJC_ROOT_CLASS = YES_ERROR;
				CLANG_WARN_RANGE_LOOP_ANALYSIS = YES;
				CLANG_WARN_STRICT_PROTOTYPES = YES;
				CLANG_WARN_SUSPICIOUS_MOVE = YES;
				CLANG_WARN_UNGUARDED_AVAILABILITY = YES_AGGRESSIVE;
				CLANG_WARN_UNREACHABLE_CODE = YES;
				CLANG_WARN__DUPLICATE_METHOD_MATCH = YES;
				CODE_SIGN_IDENTITY = "-";
				COPY_PHASE_STRIP = NO;
				DEBUG_INFORMATION_FORMAT = "dwarf-with-dsym";
				ENABLE_NS_ASSERTIONS = NO;
				ENABLE_STRICT_OBJC_MSGSEND = YES;
				GCC_C_LANGUAGE_STANDARD = gnu11;
				GCC_NO_COMMON_BLOCKS = YES;
				GCC_WARN_64_TO_32_BIT_CONVERSION = YES;
				GCC_WARN_ABOUT_RETURN_TYPE = YES_ERROR;
				GCC_WARN_UNDECLARED_SELECTOR = YES;
				GCC_WARN_UNINITIALIZED_AUTOS = YES_AGGRESSIVE;
				GCC_WARN_UNUSED_FUNCTION = YES;
				GCC_WARN_UNUSED_VARIABLE = YES;
				MACOSX_DEPLOYMENT_TARGET = 10.14;
				MTL_ENABLE_DEBUG_INFO = NO;
				MTL_FAST_MATH = YES;
				SDKROOT = macosx;
			};
			name = Release;
		};
		130F1D012285DAAA00DD4361 /* Debug */ = {
			isa = XCBuildConfiguration;
			buildSettings = {
				ARCHS = "$(ARCHS_STANDARD_64_BIT)";
				CODE_SIGN_STYLE = Automatic;
				PRODUCT_NAME = "$(TARGET_NAME)";
			};
			name = Debug;
		};
		130F1D022285DAAA00DD4361 /* Release */ = {
			isa = XCBuildConfiguration;
			buildSettings = {
				ARCHS = "$(ARCHS_STANDARD_64_BIT)";
				CODE_SIGN_STYLE = Automatic;
				PRODUCT_NAME = "$(TARGET_NAME)";
			};
			name = Release;
		};
/* End XCBuildConfiguration section */

/* Begin XCConfigurationList section */
		130F1CF42285DAAA00DD4361 /* Build configuration list for PBXProject "vpdlab" */ = {
			isa = XCConfigurationList;
			buildConfigurations = (
				130F1CFE2285DAAA00DD4361 /* Debug */,
				130F1CFF2285DAAA00DD4361 /* Release */,
			);
			defaultConfigurationIsVisible = 0;
			defaultConfigurationName = Release;
		};
		130F1D002285DAAA00DD4361 /* Build configuration list for PBXNativeTarget "vpdlab" */ = {
			isa = XCConfigurationList;
			buildConfigurations = (
				130F1D012285DAAA00DD4361 /* Debug */,
				130F1D022285DAAA00DD4361 /* Release */,
			);
			defaultConfigurationIsVisible = 0;
			defaultConfigurationName = Release;
		};
/* End XCConfigurationList section */
	};
	rootObject = 130F1CF12285DAAA00DD4361 /* Project object */;
}
